
Microsoft Visual Studio Solution File, Format Version 12.00
# Visual Studio Version 16
VisualStudioVersion = 16.0.30413.136
MinimumVisualStudioVersion = 10.0.40219.1
Project("{FAE04EC0-301F-11D3-BF4B-00C04F79EFBC}") = "SLAE_calc", "SLAE_calc.csproj", "{ACE29CFD-8D61-4A5F-A880-52BB4A74677A}"
EndProject
Project("{FAE04EC0-301F-11D3-BF4B-00C04F79EFBC}") = "SLAE_core", "..\SLAE_core_class\SLAE_core.csproj", "{5C5A672F-0D0C-4C33-A2E1-EEBF66161377}"
EndProject
Global
	GlobalSection(SolutionConfigurationPlatforms) = preSolution
		Debug|Any CPU = Debug|Any CPU
		Release|Any CPU = Release|Any CPU
	EndGlobalSection
	GlobalSection(ProjectConfigurationPlatforms) = postSolution
		{ACE29CFD-8D61-4A5F-A880-52BB4A74677A}.Debug|Any CPU.ActiveCfg = Debug|Any CPU
		{ACE29CFD-8D61-4A5F-A880-52BB4A74677A}.Debug|Any CPU.Build.0 = Debug|Any CPU
		{ACE29CFD-8D61-4A5F-A880-52BB4A74677A}.Release|Any CPU.ActiveCfg = Release|Any CPU
		{ACE29CFD-8D61-4A5F-A880-52BB4A74677A}.Release|Any CPU.Build.0 = Release|Any CPU
		{5C5A672F-0D0C-4C33-A2E1-EEBF66161377}.Debug|Any CPU.ActiveCfg = Debug|Any CPU
		{5C5A672F-0D0C-4C33-A2E1-EEBF66161377}.Debug|Any CPU.Build.0 = Debug|Any CPU
		{5C5A672F-0D0C-4C33-A2E1-EEBF66161377}.Release|Any CPU.ActiveCfg = Release|Any CPU
		{5C5A672F-0D0C-4C33-A2E1-EEBF66161377}.Release|Any CPU.Build.0 = Release|Any CPU
	EndGlobalSection
	GlobalSection(SolutionProperties) = preSolution
		HideSolutionNode = FALSE
	EndGlobalSection
	GlobalSection(ExtensibilityGlobals) = postSolution
		SolutionGuid = {EBC6DB16-C351-49B3-A6D1-87A149A692AA}
	EndGlobalSection
EndGlobal
